
Microsoft Visual Studio Solution File, Format Version 12.00
# Visual Studio Version 17
VisualStudioVersion = 17.7.34202.233
MinimumVisualStudioVersion = 10.0.40219.1
Project("{9A19103F-16F7-4668-BE54-9A1E7A4F7556}") = "Hausaufgabe", "Hausaufgabe.csproj", "{AD499734-8BA2-4D89-BE10-1F4A7F6A207C}"
EndProject
Global
	GlobalSection(SolutionConfigurationPlatforms) = preSolution
		Debug|Any CPU = Debug|Any CPU
		Release|Any CPU = Release|Any CPU
	EndGlobalSection
	GlobalSection(ProjectConfigurationPlatforms) = postSolution
		{AD499734-8BA2-4D89-BE10-1F4A7F6A207C}.Debug|Any CPU.ActiveCfg = Debug|Any CPU
		{AD499734-8BA2-4D89-BE10-1F4A7F6A207C}.Debug|Any CPU.Build.0 = Debug|Any CPU
		{AD499734-8BA2-4D89-BE10-1F4A7F6A207C}.Release|Any CPU.ActiveCfg = Release|Any CPU
		{AD499734-8BA2-4D89-BE10-1F4A7F6A207C}.Release|Any CPU.Build.0 = Release|Any CPU
	EndGlobalSection
	GlobalSection(SolutionProperties) = preSolution
		HideSolutionNode = FALSE
	EndGlobalSection
	GlobalSection(ExtensibilityGlobals) = postSolution
		SolutionGuid = {17C36BA1-1C5D-4661-91B4-70F94097A109}
	EndGlobalSection
EndGlobal
