
Microsoft Visual Studio Solution File, Format Version 12.00
# Visual Studio Version 17
VisualStudioVersion = 17.7.34221.43
MinimumVisualStudioVersion = 10.0.40219.1
Project("{FAE04EC0-301F-11D3-BF4B-00C04F79EFBC}") = "frederik", "frederik.csproj", "{C38088B4-130A-4F26-B691-4FCB423E44AC}"
EndProject
Global
	GlobalSection(SolutionConfigurationPlatforms) = preSolution
		Debug|Any CPU = Debug|Any CPU
		Release|Any CPU = Release|Any CPU
	EndGlobalSection
	GlobalSection(ProjectConfigurationPlatforms) = postSolution
		{C38088B4-130A-4F26-B691-4FCB423E44AC}.Debug|Any CPU.ActiveCfg = Debug|Any CPU
		{C38088B4-130A-4F26-B691-4FCB423E44AC}.Debug|Any CPU.Build.0 = Debug|Any CPU
		{C38088B4-130A-4F26-B691-4FCB423E44AC}.Release|Any CPU.ActiveCfg = Release|Any CPU
		{C38088B4-130A-4F26-B691-4FCB423E44AC}.Release|Any CPU.Build.0 = Release|Any CPU
	EndGlobalSection
	GlobalSection(SolutionProperties) = preSolution
		HideSolutionNode = FALSE
	EndGlobalSection
	GlobalSection(ExtensibilityGlobals) = postSolution
		SolutionGuid = {30DA9ADA-9450-4F8D-B1EE-1C083530BD64}
	EndGlobalSection
EndGlobal
